
Microsoft Visual Studio Solution File, Format Version 12.00
# Visual Studio Version 17
VisualStudioVersion = 17.2.32602.215
MinimumVisualStudioVersion = 10.0.40219.1
Project("{9A19103F-16F7-4668-BE54-9A1E7A4F7556}") = "APIPessoa", "WebApplication1\APIPessoa.csproj", "{09EBDD56-D239-4179-98C8-B5F38EECCF7C}"
EndProject
Project("{FAE04EC0-301F-11D3-BF4B-00C04F79EFBC}") = "APIPessoa.Core", "APIPessoa.Core\APIPessoa.Core.csproj", "{310561D6-98F3-4958-BE31-37C16587FCA9}"
EndProject
Project("{FAE04EC0-301F-11D3-BF4B-00C04F79EFBC}") = "APIPessoa.Infra.Data", "APIPessoa.Infra.Data\APIPessoa.Infra.Data.csproj", "{AE8AF7CF-B216-47DE-B3AB-6B1C0D6A59B9}"
EndProject
Global
	GlobalSection(SolutionConfigurationPlatforms) = preSolution
		Debug|Any CPU = Debug|Any CPU
		Release|Any CPU = Release|Any CPU
	EndGlobalSection
	GlobalSection(ProjectConfigurationPlatforms) = postSolution
		{09EBDD56-D239-4179-98C8-B5F38EECCF7C}.Debug|Any CPU.ActiveCfg = Debug|Any CPU
		{09EBDD56-D239-4179-98C8-B5F38EECCF7C}.Debug|Any CPU.Build.0 = Debug|Any CPU
		{09EBDD56-D239-4179-98C8-B5F38EECCF7C}.Release|Any CPU.ActiveCfg = Release|Any CPU
		{09EBDD56-D239-4179-98C8-B5F38EECCF7C}.Release|Any CPU.Build.0 = Release|Any CPU
		{310561D6-98F3-4958-BE31-37C16587FCA9}.Debug|Any CPU.ActiveCfg = Debug|Any CPU
		{310561D6-98F3-4958-BE31-37C16587FCA9}.Debug|Any CPU.Build.0 = Debug|Any CPU
		{310561D6-98F3-4958-BE31-37C16587FCA9}.Release|Any CPU.ActiveCfg = Release|Any CPU
		{310561D6-98F3-4958-BE31-37C16587FCA9}.Release|Any CPU.Build.0 = Release|Any CPU
		{AE8AF7CF-B216-47DE-B3AB-6B1C0D6A59B9}.Debug|Any CPU.ActiveCfg = Debug|Any CPU
		{AE8AF7CF-B216-47DE-B3AB-6B1C0D6A59B9}.Debug|Any CPU.Build.0 = Debug|Any CPU
		{AE8AF7CF-B216-47DE-B3AB-6B1C0D6A59B9}.Release|Any CPU.ActiveCfg = Release|Any CPU
		{AE8AF7CF-B216-47DE-B3AB-6B1C0D6A59B9}.Release|Any CPU.Build.0 = Release|Any CPU
	EndGlobalSection
	GlobalSection(SolutionProperties) = preSolution
		HideSolutionNode = FALSE
	EndGlobalSection
	GlobalSection(ExtensibilityGlobals) = postSolution
		SolutionGuid = {D03034F8-AAF5-4EAF-B073-BAAC83C5156B}
	EndGlobalSection
EndGlobal
