
Microsoft Visual Studio Solution File, Format Version 12.00
# Visual Studio Version 17
VisualStudioVersion = 17.2.32602.215
MinimumVisualStudioVersion = 10.0.40219.1
Project("{FAE04EC0-301F-11D3-BF4B-00C04F79EFBC}") = "WebApplication1", "WebApplication1\WebApplication1.csproj", "{09EBDD56-D239-4179-98C8-B5F38EECCF7C}"
EndProject
Global
	GlobalSection(SolutionConfigurationPlatforms) = preSolution
		Debug|Any CPU = Debug|Any CPU
		Release|Any CPU = Release|Any CPU
	EndGlobalSection
	GlobalSection(ProjectConfigurationPlatforms) = postSolution
		{09EBDD56-D239-4179-98C8-B5F38EECCF7C}.Debug|Any CPU.ActiveCfg = Debug|Any CPU
		{09EBDD56-D239-4179-98C8-B5F38EECCF7C}.Debug|Any CPU.Build.0 = Debug|Any CPU
		{09EBDD56-D239-4179-98C8-B5F38EECCF7C}.Release|Any CPU.ActiveCfg = Release|Any CPU
		{09EBDD56-D239-4179-98C8-B5F38EECCF7C}.Release|Any CPU.Build.0 = Release|Any CPU
	EndGlobalSection
	GlobalSection(SolutionProperties) = preSolution
		HideSolutionNode = FALSE
	EndGlobalSection
	GlobalSection(ExtensibilityGlobals) = postSolution
		SolutionGuid = {D03034F8-AAF5-4EAF-B073-BAAC83C5156B}
	EndGlobalSection
EndGlobal
